lockfileVersion: '9.0'

settings:
  autoInstallPeers: true
  excludeLinksFromLockfile: false

importers:

  .:
    dependencies:
      '@opentelemetry/api':
        specifier: ^1.7.0
        version: 1.7.0
      '@opentelemetry/exporter-prometheus':
        specifier: ^0.46.0
        version: 0.46.0(@opentelemetry/api@1.7.0)

packages:

  '@opentelemetry/api@1.7.0':
    resolution: {integrity: sha512-AdY5wvN0P2vXBi3b29hxZgSFvdhdxPB9+f0B6s//P9Q8nibRWeA3cHm8UmLpio9ABigkVHJ5NMPk+Mz8VCCyrw==}
    engines: {node: '>=8.0.0'}

  '@opentelemetry/core@1.19.0':
    resolution: {integrity: sha512-w42AukJh3TP8R0IZZOVJVM/kMWu8g+lm4LzT70WtuKqhwq7KVhcDzZZuZinWZa6TtQCl7Smt2wolEYzpHabOgw==}
    engines: {node: '>=14'}
    peerDependencies:
      '@opentelemetry/api': '>=1.0.0 <1.8.0'

  '@opentelemetry/exporter-prometheus@0.46.0':
    resolution: {integrity: sha512-AXcoCHG31K2PLGizlJJWcfQqZsGfUZkT7ik6C8VJu7U2Cenk0Xhvd3rO+vVNSSjP1+LHkP4MQtqEXpIZttw5cw==}
    engines: {node: '>=14'}
    peerDependencies:
      '@opentelemetry/api': ^1.3.0

  '@opentelemetry/resources@1.19.0':
    resolution: {integrity: sha512-RgxvKuuMOf7nctOeOvpDjt2BpZvZGr9Y0vf7eGtY5XYZPkh2p7e2qub1S2IArdBMf9kEbz0SfycqCviOu9isqg==}
    engines: {node: '>=14'}
    peerDependencies:
      '@opentelemetry/api': '>=1.0.0 <1.8.0'

  '@opentelemetry/sdk-metrics@1.19.0':
    resolution: {integrity: sha512-FiMii40zr0Fmys4F1i8gmuCvbinBnBsDeGBr4FQemOf0iPCLytYQm5AZJ/nn4xSc71IgKBQwTFQRAGJI7JvZ4Q==}
    engines: {node: '>=14'}
    peerDependencies:
      '@opentelemetry/api': '>=1.3.0 <1.8.0'

  '@opentelemetry/semantic-conventions@1.19.0':
    resolution: {integrity: sha512-14jRpC8f5c0gPSwoZ7SbEJni1PqI+AhAE8m1bMz6v+RPM4OlP1PT2UHBJj5Qh/ALLPjhVU/aZUK3YyjTUqqQVg==}
    engines: {node: '>=14'}

  lodash.merge@4.6.2:
    resolution: {integrity: sha512-0KpjqXRVvrYyCsX1swR/XTK0va6VQkQM6MNo7PqW77ByjAhoARA8EfrP1N4+KlKj8YS0ZUCtRT/YUuhyYDujIQ==}

snapshots:

  '@opentelemetry/api@1.7.0': {}

  '@opentelemetry/core@1.19.0(@opentelemetry/api@1.7.0)':
    dependencies:
      '@opentelemetry/api': 1.7.0
      '@opentelemetry/semantic-conventions': 1.19.0

  '@opentelemetry/exporter-prometheus@0.46.0(@opentelemetry/api@1.7.0)':
    dependencies:
      '@opentelemetry/api': 1.7.0
      '@opentelemetry/core': 1.19.0(@opentelemetry/api@1.7.0)
      '@opentelemetry/resources': 1.19.0(@opentelemetry/api@1.7.0)
      '@opentelemetry/sdk-metrics': 1.19.0(@opentelemetry/api@1.7.0)

  '@opentelemetry/resources@1.19.0(@opentelemetry/api@1.7.0)':
    dependencies:
      '@opentelemetry/api': 1.7.0
      '@opentelemetry/core': 1.19.0(@opentelemetry/api@1.7.0)
      '@opentelemetry/semantic-conventions': 1.19.0

  '@opentelemetry/sdk-metrics@1.19.0(@opentelemetry/api@1.7.0)':
    dependencies:
      '@opentelemetry/api': 1.7.0
      '@opentelemetry/core': 1.19.0(@opentelemetry/api@1.7.0)
      '@opentelemetry/resources': 1.19.0(@opentelemetry/api@1.7.0)
      lodash.merge: 4.6.2

  '@opentelemetry/semantic-conventions@1.19.0': {}

  lodash.merge@4.6.2: {}
